
Microsoft Visual Studio Solution File, Format Version 12.00
# Visual Studio Version 16
VisualStudioVersion = 16.0.31410.357
MinimumVisualStudioVersion = 10.0.40219.1
Project("{9A19103F-16F7-4668-BE54-9A1E7A4F7556}") = "ExercicoResolvidoLinqSQLMediaProdutos", "ExercicoResolvidoLinqSQLMediaProdutos.csproj", "{A61BCC3C-A080-44F8-AAC3-6DA167A44083}"
EndProject
Global
	GlobalSection(SolutionConfigurationPlatforms) = preSolution
		Debug|Any CPU = Debug|Any CPU
		Release|Any CPU = Release|Any CPU
	EndGlobalSection
	GlobalSection(ProjectConfigurationPlatforms) = postSolution
		{A61BCC3C-A080-44F8-AAC3-6DA167A44083}.Debug|Any CPU.ActiveCfg = Debug|Any CPU
		{A61BCC3C-A080-44F8-AAC3-6DA167A44083}.Debug|Any CPU.Build.0 = Debug|Any CPU
		{A61BCC3C-A080-44F8-AAC3-6DA167A44083}.Release|Any CPU.ActiveCfg = Release|Any CPU
		{A61BCC3C-A080-44F8-AAC3-6DA167A44083}.Release|Any CPU.Build.0 = Release|Any CPU
	EndGlobalSection
	GlobalSection(SolutionProperties) = preSolution
		HideSolutionNode = FALSE
	EndGlobalSection
	GlobalSection(ExtensibilityGlobals) = postSolution
		SolutionGuid = {16D66907-CC58-4173-9621-2AC174677139}
	EndGlobalSection
EndGlobal
