
Microsoft Visual Studio Solution File, Format Version 12.00
# Visual Studio Version 16
VisualStudioVersion = 16.0.31410.357
MinimumVisualStudioVersion = 10.0.40219.1
Project("{FAE04EC0-301F-11D3-BF4B-00C04F79EFBC}") = "ExemploListas", "ExemploListas.csproj", "{C1EA1C70-08B8-4E99-8849-2C22C8706501}"
EndProject
Global
	GlobalSection(SolutionConfigurationPlatforms) = preSolution
		Debug|Any CPU = Debug|Any CPU
		Release|Any CPU = Release|Any CPU
	EndGlobalSection
	GlobalSection(ProjectConfigurationPlatforms) = postSolution
		{C1EA1C70-08B8-4E99-8849-2C22C8706501}.Debug|Any CPU.ActiveCfg = Debug|Any CPU
		{C1EA1C70-08B8-4E99-8849-2C22C8706501}.Debug|Any CPU.Build.0 = Debug|Any CPU
		{C1EA1C70-08B8-4E99-8849-2C22C8706501}.Release|Any CPU.ActiveCfg = Release|Any CPU
		{C1EA1C70-08B8-4E99-8849-2C22C8706501}.Release|Any CPU.Build.0 = Release|Any CPU
	EndGlobalSection
	GlobalSection(SolutionProperties) = preSolution
		HideSolutionNode = FALSE
	EndGlobalSection
	GlobalSection(ExtensibilityGlobals) = postSolution
		SolutionGuid = {F933E972-88CE-450D-97B3-B421603A551A}
	EndGlobalSection
EndGlobal
